PODS:
  - pop (1.0.12)
  - UltraDrawerView (0.3.0):
    - pop (~> 1.0)

DEPENDENCIES:
  - UltraDrawerView (from `../`)

SPEC REPOS:
  https://github.com/CocoaPods/Specs.git:
    - pop

EXTERNAL SOURCES:
  UltraDrawerView:
    :path: "../"

SPEC CHECKSUMS:
  pop: d582054913807fd11fd50bfe6a539d91c7e1a55a
  UltraDrawerView: 942254e5668ecfbc72d98b869cb4cbc30a89422f

PODFILE CHECKSUM: d21333f735fc55b4aa7f76b50c2fc944d9acd4fe

COCOAPODS: 1.9.3
