PODS:
  - pop (1.0.12)
  - UltraDrawerView (0.2.0):
    - pop (~> 1.0)

DEPENDENCIES:
  - UltraDrawerView (from `../`)

SPEC REPOS:
  https://github.com/cocoapods/specs.git:
    - pop

EXTERNAL SOURCES:
  UltraDrawerView:
    :path: "../"

SPEC CHECKSUMS:
  pop: d582054913807fd11fd50bfe6a539d91c7e1a55a
  UltraDrawerView: ef5875a7cedb81f2412b94120b7706ba923155da

PODFILE CHECKSUM: a5aba7fff066c72788a23c6f1cb64ba3010f4e56

COCOAPODS: 1.5.3
