PODS:
  - pop (1.0.12)
  - UltraDrawerView (0.3.0):
    - pop (~> 1.0)

DEPENDENCIES:
  - UltraDrawerView (from `../`)

SPEC REPOS:
  trunk:
    - pop

EXTERNAL SOURCES:
  UltraDrawerView:
    :path: "../"

SPEC CHECKSUMS:
  pop: d582054913807fd11fd50bfe6a539d91c7e1a55a
  UltraDrawerView: 942254e5668ecfbc72d98b869cb4cbc30a89422f

PODFILE CHECKSUM: cc087438ce029e9b937501385b99a39651026ba8

COCOAPODS: 1.10.1
